
Microsoft Visual Studio Solution File, Format Version 12.00
# Visual Studio Version 17
VisualStudioVersion = 17.14.36408.4
MinimumVisualStudioVersion = 10.0.40219.1
Project("{FAE04EC0-301F-11D3-BF4B-00C04F79EFBC}") = "IngSoft.UI", "IngSoft.UI\IngSoft.UI.csproj", "{A85D6925-4B61-41A5-A2FE-AF00279388DD}"
EndProject
Project("{FAE04EC0-301F-11D3-BF4B-00C04F79EFBC}") = "IngSoft.Services", "IngSoft.Services\IngSoft.Services.csproj", "{F328C993-8886-49D3-B0AE-BB6A43BD8C83}"
EndProject
Project("{FAE04EC0-301F-11D3-BF4B-00C04F79EFBC}") = "IngSoft.Domain", "IngSoft.Domain\IngSoft.Domain.csproj", "{CDAAC3D8-6977-4712-B892-EF025B7C264D}"
EndProject
Project("{FAE04EC0-301F-11D3-BF4B-00C04F79EFBC}") = "IngSoft.Abstractions", "IngSoft.Abstractions\IngSoft.Abstractions.csproj", "{F5884FD3-5665-45AE-8228-33C20C81ECE5}"
EndProject
Project("{FAE04EC0-301F-11D3-BF4B-00C04F79EFBC}") = "IngSoft.Repository", "IngSoft.Repository\IngSoft.Repository.csproj", "{C4657671-C80D-4E1E-97C1-24A57EFFF5C9}"
EndProject
Project("{FAE04EC0-301F-11D3-BF4B-00C04F79EFBC}") = "IngSoft.DBConnection", "IngSoft.DBConnection\IngSoft.DBConnection.csproj", "{E9988F9D-F7AD-47E9-A8E5-DB0FCE3BFEB2}"
EndProject
Project("{FAE04EC0-301F-11D3-BF4B-00C04F79EFBC}") = "IngSoft.ApplicationServices", "IngSoft.ApplicationServices\IngSoft.ApplicationServices.csproj", "{A5BF4364-1CAB-4940-A13F-CE68E2601A68}"
EndProject
Global
	GlobalSection(SolutionConfigurationPlatforms) = preSolution
		Debug|Any CPU = Debug|Any CPU
		Release|Any CPU = Release|Any CPU
	EndGlobalSection
	GlobalSection(ProjectConfigurationPlatforms) = postSolution
		{A85D6925-4B61-41A5-A2FE-AF00279388DD}.Debug|Any CPU.ActiveCfg = Debug|Any CPU
		{A85D6925-4B61-41A5-A2FE-AF00279388DD}.Debug|Any CPU.Build.0 = Debug|Any CPU
		{A85D6925-4B61-41A5-A2FE-AF00279388DD}.Release|Any CPU.ActiveCfg = Release|Any CPU
		{A85D6925-4B61-41A5-A2FE-AF00279388DD}.Release|Any CPU.Build.0 = Release|Any CPU
		{F328C993-8886-49D3-B0AE-BB6A43BD8C83}.Debug|Any CPU.ActiveCfg = Debug|Any CPU
		{F328C993-8886-49D3-B0AE-BB6A43BD8C83}.Debug|Any CPU.Build.0 = Debug|Any CPU
		{F328C993-8886-49D3-B0AE-BB6A43BD8C83}.Release|Any CPU.ActiveCfg = Release|Any CPU
		{F328C993-8886-49D3-B0AE-BB6A43BD8C83}.Release|Any CPU.Build.0 = Release|Any CPU
		{CDAAC3D8-6977-4712-B892-EF025B7C264D}.Debug|Any CPU.ActiveCfg = Debug|Any CPU
		{CDAAC3D8-6977-4712-B892-EF025B7C264D}.Debug|Any CPU.Build.0 = Debug|Any CPU
		{CDAAC3D8-6977-4712-B892-EF025B7C264D}.Release|Any CPU.ActiveCfg = Release|Any CPU
		{CDAAC3D8-6977-4712-B892-EF025B7C264D}.Release|Any CPU.Build.0 = Release|Any CPU
		{F5884FD3-5665-45AE-8228-33C20C81ECE5}.Debug|Any CPU.ActiveCfg = Debug|Any CPU
		{F5884FD3-5665-45AE-8228-33C20C81ECE5}.Debug|Any CPU.Build.0 = Debug|Any CPU
		{F5884FD3-5665-45AE-8228-33C20C81ECE5}.Release|Any CPU.ActiveCfg = Release|Any CPU
		{F5884FD3-5665-45AE-8228-33C20C81ECE5}.Release|Any CPU.Build.0 = Release|Any CPU
		{C4657671-C80D-4E1E-97C1-24A57EFFF5C9}.Debug|Any CPU.ActiveCfg = Debug|Any CPU
		{C4657671-C80D-4E1E-97C1-24A57EFFF5C9}.Debug|Any CPU.Build.0 = Debug|Any CPU
		{C4657671-C80D-4E1E-97C1-24A57EFFF5C9}.Release|Any CPU.ActiveCfg = Release|Any CPU
		{C4657671-C80D-4E1E-97C1-24A57EFFF5C9}.Release|Any CPU.Build.0 = Release|Any CPU
		{E9988F9D-F7AD-47E9-A8E5-DB0FCE3BFEB2}.Debug|Any CPU.ActiveCfg = Debug|Any CPU
		{E9988F9D-F7AD-47E9-A8E5-DB0FCE3BFEB2}.Debug|Any CPU.Build.0 = Debug|Any CPU
		{E9988F9D-F7AD-47E9-A8E5-DB0FCE3BFEB2}.Release|Any CPU.ActiveCfg = Release|Any CPU
		{E9988F9D-F7AD-47E9-A8E5-DB0FCE3BFEB2}.Release|Any CPU.Build.0 = Release|Any CPU
		{A5BF4364-1CAB-4940-A13F-CE68E2601A68}.Debug|Any CPU.ActiveCfg = Debug|Any CPU
		{A5BF4364-1CAB-4940-A13F-CE68E2601A68}.Debug|Any CPU.Build.0 = Debug|Any CPU
		{A5BF4364-1CAB-4940-A13F-CE68E2601A68}.Release|Any CPU.ActiveCfg = Release|Any CPU
		{A5BF4364-1CAB-4940-A13F-CE68E2601A68}.Release|Any CPU.Build.0 = Release|Any CPU
	EndGlobalSection
	GlobalSection(SolutionProperties) = preSolution
		HideSolutionNode = FALSE
	EndGlobalSection
	GlobalSection(ExtensibilityGlobals) = postSolution
		SolutionGuid = {78FA7216-7439-4FF8-8738-4DE3B973AD98}
	EndGlobalSection
EndGlobal
